
Microsoft Visual Studio Solution File, Format Version 12.00
# Visual Studio Version 16
VisualStudioVersion = 16.0.32106.194
MinimumVisualStudioVersion = 10.0.40219.1
Project("{9A19103F-16F7-4668-BE54-9A1E7A4F7556}") = "LoopsAndRandomNumbers", "LoopsAndRandomNumbers\LoopsAndRandomNumbers.csproj", "{9C3611D7-6E3B-40E7-9BCD-1E378A5FD4A2}"
EndProject
Project("{FAE04EC0-301F-11D3-BF4B-00C04F79EFBC}") = "PINInfiniteLoop", "PINInfiniteLoop\PINInfiniteLoop.csproj", "{3C9EA921-D767-4CC8-AAC7-1D6EE6BAF4D6}"
EndProject
Project("{FAE04EC0-301F-11D3-BF4B-00C04F79EFBC}") = "RandomNumbers", "RandomNumbers\RandomNumbers.csproj", "{66C2F78D-9ED2-48E7-8A00-BE2B75315589}"
EndProject
Project("{FAE04EC0-301F-11D3-BF4B-00C04F79EFBC}") = "GuessingGameInfinite", "GuessingGameInfinite\GuessingGameInfinite.csproj", "{D7E8F158-457A-4114-83BE-5E9D1ECEF2D2}"
EndProject
Project("{FAE04EC0-301F-11D3-BF4B-00C04F79EFBC}") = "GuessingGameTreeTries", "GuessingGameTreeTries\GuessingGameTreeTries.csproj", "{1C656673-F032-4669-912B-6803E3274239}"
EndProject
Global
	GlobalSection(SolutionConfigurationPlatforms) = preSolution
		Debug|Any CPU = Debug|Any CPU
		Release|Any CPU = Release|Any CPU
	EndGlobalSection
	GlobalSection(ProjectConfigurationPlatforms) = postSolution
		{9C3611D7-6E3B-40E7-9BCD-1E378A5FD4A2}.Debug|Any CPU.ActiveCfg = Debug|Any CPU
		{9C3611D7-6E3B-40E7-9BCD-1E378A5FD4A2}.Debug|Any CPU.Build.0 = Debug|Any CPU
		{9C3611D7-6E3B-40E7-9BCD-1E378A5FD4A2}.Release|Any CPU.ActiveCfg = Release|Any CPU
		{9C3611D7-6E3B-40E7-9BCD-1E378A5FD4A2}.Release|Any CPU.Build.0 = Release|Any CPU
		{3C9EA921-D767-4CC8-AAC7-1D6EE6BAF4D6}.Debug|Any CPU.ActiveCfg = Debug|Any CPU
		{3C9EA921-D767-4CC8-AAC7-1D6EE6BAF4D6}.Debug|Any CPU.Build.0 = Debug|Any CPU
		{3C9EA921-D767-4CC8-AAC7-1D6EE6BAF4D6}.Release|Any CPU.ActiveCfg = Release|Any CPU
		{3C9EA921-D767-4CC8-AAC7-1D6EE6BAF4D6}.Release|Any CPU.Build.0 = Release|Any CPU
		{66C2F78D-9ED2-48E7-8A00-BE2B75315589}.Debug|Any CPU.ActiveCfg = Debug|Any CPU
		{66C2F78D-9ED2-48E7-8A00-BE2B75315589}.Debug|Any CPU.Build.0 = Debug|Any CPU
		{66C2F78D-9ED2-48E7-8A00-BE2B75315589}.Release|Any CPU.ActiveCfg = Release|Any CPU
		{66C2F78D-9ED2-48E7-8A00-BE2B75315589}.Release|Any CPU.Build.0 = Release|Any CPU
		{D7E8F158-457A-4114-83BE-5E9D1ECEF2D2}.Debug|Any CPU.ActiveCfg = Debug|Any CPU
		{D7E8F158-457A-4114-83BE-5E9D1ECEF2D2}.Debug|Any CPU.Build.0 = Debug|Any CPU
		{D7E8F158-457A-4114-83BE-5E9D1ECEF2D2}.Release|Any CPU.ActiveCfg = Release|Any CPU
		{D7E8F158-457A-4114-83BE-5E9D1ECEF2D2}.Release|Any CPU.Build.0 = Release|Any CPU
		{1C656673-F032-4669-912B-6803E3274239}.Debug|Any CPU.ActiveCfg = Debug|Any CPU
		{1C656673-F032-4669-912B-6803E3274239}.Debug|Any CPU.Build.0 = Debug|Any CPU
		{1C656673-F032-4669-912B-6803E3274239}.Release|Any CPU.ActiveCfg = Release|Any CPU
		{1C656673-F032-4669-912B-6803E3274239}.Release|Any CPU.Build.0 = Release|Any CPU
	EndGlobalSection
	GlobalSection(SolutionProperties) = preSolution
		HideSolutionNode = FALSE
	EndGlobalSection
	GlobalSection(ExtensibilityGlobals) = postSolution
		SolutionGuid = {EE28C008-563F-4931-A145-416CCE45C73A}
	EndGlobalSection
EndGlobal
